
Microsoft Visual Studio Solution File, Format Version 12.00
# Visual Studio Version 16
VisualStudioVersion = 16.0.28922.388
MinimumVisualStudioVersion = 10.0.40219.1
Project("{FAE04EC0-301F-11D3-BF4B-00C04F79EFBC}") = "rownania", "rownania\rownania.csproj", "{914845EA-3886-47F3-8289-304F8D5B493D}"
EndProject
Global
	GlobalSection(SolutionConfigurationPlatforms) = preSolution
		Debug|Any CPU = Debug|Any CPU
		Release|Any CPU = Release|Any CPU
	EndGlobalSection
	GlobalSection(ProjectConfigurationPlatforms) = postSolution
		{914845EA-3886-47F3-8289-304F8D5B493D}.Debug|Any CPU.ActiveCfg = Debug|Any CPU
		{914845EA-3886-47F3-8289-304F8D5B493D}.Debug|Any CPU.Build.0 = Debug|Any CPU
		{914845EA-3886-47F3-8289-304F8D5B493D}.Release|Any CPU.ActiveCfg = Release|Any CPU
		{914845EA-3886-47F3-8289-304F8D5B493D}.Release|Any CPU.Build.0 = Release|Any CPU
	EndGlobalSection
	GlobalSection(SolutionProperties) = preSolution
		HideSolutionNode = FALSE
	EndGlobalSection
	GlobalSection(ExtensibilityGlobals) = postSolution
		SolutionGuid = {A02FA378-8806-4411-921D-966891960EA7}
	EndGlobalSection
EndGlobal
